// !$*UTF8*$!
{
	archiveVersion = 1;
	classes = {
	};
	objectVersion = 50;
	objects = {

/* Begin PBXBuildFile section */
		AF232D60210A9D7A00EFADB2 /* AppDelegate.swift in Sources */ = {isa = PBXBuildFile; fileRef = AF232D5F210A9D7A00EFADB2 /* AppDelegate.swift */; };
		AF232D65210A9D7A00EFADB2 /* Main.storyboard in Resources */ = {isa = PBXBuildFile; fileRef = AF232D63210A9D7A00EFADB2 /* Main.storyboard */; };
		AF232D67210A9D7E00EFADB2 /* Assets.xcassets in Resources */ = {isa = PBXBuildFile; fileRef = AF232D66210A9D7E00EFADB2 /* Assets.xcassets */; };
		AF232D6A210A9D7E00EFADB2 /* LaunchScreen.storyboard in Resources */ = {isa = PBXBuildFile; fileRef = AF232D68210A9D7E00EFADB2 /* LaunchScreen.storyboard */; };
		AF232D72210AA4F000EFADB2 /* RestaurantTableViewController.swift in Sources */ = {isa = PBXBuildFile; fileRef = AF232D71210AA4F000EFADB2 /* RestaurantTableViewController.swift */; };
		AF232D74210CB75F00EFADB2 /* RestaurantTableViewCell.swift in Sources */ = {isa = PBXBuildFile; fileRef = AF232D73210CB75F00EFADB2 /* RestaurantTableViewCell.swift */; };
		AFAB6D6E2120291C00CFFC02 /* Restaurant.swift in Sources */ = {isa = PBXBuildFile; fileRef = AFAB6D6D2120291C00CFFC02 /* Restaurant.swift */; };
/* End PBXBuildFile section */

/* Begin PBXFileReference section */
		AF232D5C210A9D7A00EFADB2 /* foodpin.app */ = {isa = PBXFileReference; explicitFileType = wrapper.application; includeInIndex = 0; path = foodpin.app; sourceTree = BUILT_PRODUCTS_DIR; };
		AF232D5F210A9D7A00EFADB2 /* AppDelegate.swift */ = {isa = PBXFileReference; lastKnownFileType = sourcecode.swift; path = AppDelegate.swift; sourceTree = "<group>"; };
		AF232D64210A9D7A00EFADB2 /* Base */ = {isa = PBXFileReference; lastKnownFileType = file.storyboard; name = Base; path = Base.lproj/Main.storyboard; sourceTree = "<group>"; };
		AF232D66210A9D7E00EFADB2 /* Assets.xcassets */ = {isa = PBXFileReference; lastKnownFileType = folder.assetcatalog; path = Assets.xcassets; sourceTree = "<group>"; };
		AF232D69210A9D7E00EFADB2 /* Base */ = {isa = PBXFileReference; lastKnownFileType = file.storyboard; name = Base; path = Base.lproj/LaunchScreen.storyboard; sourceTree = "<group>"; };
		AF232D6B210A9D7F00EFADB2 /* Info.plist */ = {isa = PBXFileReference; lastKnownFileType = text.plist.xml; path = Info.plist; sourceTree = "<group>"; };
		AF232D71210AA4F000EFADB2 /* RestaurantTableViewController.swift */ = {isa = PBXFileReference; lastKnownFileType = sourcecode.swift; path = RestaurantTableViewController.swift; sourceTree = "<group>"; };
		AF232D73210CB75F00EFADB2 /* RestaurantTableViewCell.swift */ = {isa = PBXFileReference; lastKnownFileType = sourcecode.swift; path = RestaurantTableViewCell.swift; sourceTree = "<group>"; };
		AFAB6D6D2120291C00CFFC02 /* Restaurant.swift */ = {isa = PBXFileReference; lastKnownFileType = sourcecode.swift; path = Restaurant.swift; sourceTree = "<group>"; };
/* End PBXFileReference section */

/* Begin PBXFrameworksBuildPhase section */
		AF232D59210A9D7A00EFADB2 /* Frameworks */ = {
			isa = PBXFrameworksBuildPhase;
			buildActionMask = 2147483647;
			files = (
			);
			runOnlyForDeploymentPostprocessing = 0;
		};
/* End PBXFrameworksBuildPhase section */

/* Begin PBXGroup section */
		AF232D53210A9D7900EFADB2 = {
			isa = PBXGroup;
			children = (
				AF232D5E210A9D7A00EFADB2 /* foodpin */,
				AF232D5D210A9D7A00EFADB2 /* Products */,
			);
			sourceTree = "<group>";
		};
		AF232D5D210A9D7A00EFADB2 /* Products */ = {
			isa = PBXGroup;
			children = (
				AF232D5C210A9D7A00EFADB2 /* foodpin.app */,
			);
			name = Products;
			sourceTree = "<group>";
		};
		AF232D5E210A9D7A00EFADB2 /* foodpin */ = {
			isa = PBXGroup;
			children = (
				AF232D5F210A9D7A00EFADB2 /* AppDelegate.swift */,
				AF232D63210A9D7A00EFADB2 /* Main.storyboard */,
				AF232D66210A9D7E00EFADB2 /* Assets.xcassets */,
				AF232D68210A9D7E00EFADB2 /* LaunchScreen.storyboard */,
				AF232D6B210A9D7F00EFADB2 /* Info.plist */,
				AF232D71210AA4F000EFADB2 /* RestaurantTableViewController.swift */,
				AF232D73210CB75F00EFADB2 /* RestaurantTableViewCell.swift */,
				AFAB6D6D2120291C00CFFC02 /* Restaurant.swift */,
			);
			path = foodpin;
			sourceTree = "<group>";
		};
/* End PBXGroup section */

/* Begin PBXNativeTarget section */
		AF232D5B210A9D7A00EFADB2 /* foodpin */ = {
			isa = PBXNativeTarget;
			buildConfigurationList = AF232D6E210A9D7F00EFADB2 /* Build configuration list for PBXNativeTarget "foodpin" */;
			buildPhases = (
				AF232D58210A9D7A00EFADB2 /* Sources */,
				AF232D59210A9D7A00EFADB2 /* Frameworks */,
				AF232D5A210A9D7A00EFADB2 /* Resources */,
			);
			buildRules = (
			);
			dependencies = (
			);
			name = foodpin;
			productName = foodpin;
			productReference = AF232D5C210A9D7A00EFADB2 /* foodpin.app */;
			productType = "com.apple.product-type.application";
		};
/* End PBXNativeTarget section */

/* Begin PBXProject section */
		AF232D54210A9D7900EFADB2 /* Project object */ = {
			isa = PBXProject;
			attributes = {
				LastSwiftUpdateCheck = 0940;
				LastUpgradeCheck = 0940;
				ORGANIZATIONNAME = viplab;
				TargetAttributes = {
					AF232D5B210A9D7A00EFADB2 = {
						CreatedOnToolsVersion = 9.4.1;
					};
				};
			};
			buildConfigurationList = AF232D57210A9D7900EFADB2 /* Build configuration list for PBXProject "foodpin" */;
			compatibilityVersion = "Xcode 9.3";
			developmentRegion = en;
			hasScannedForEncodings = 0;
			knownRegions = (
				en,
				Base,
			);
			mainGroup = AF232D53210A9D7900EFADB2;
			productRefGroup = AF232D5D210A9D7A00EFADB2 /* Products */;
			projectDirPath = "";
			projectRoot = "";
			targets = (
				AF232D5B210A9D7A00EFADB2 /* foodpin */,
			);
		};
/* End PBXProject section */

/* Begin PBXResourcesBuildPhase section */
		AF232D5A210A9D7A00EFADB2 /* Resources */ = {
			isa = PBXResourcesBuildPhase;
			buildActionMask = 2147483647;
			files = (
				AF232D6A210A9D7E00EFADB2 /* LaunchScreen.storyboard in Resources */,
				AF232D67210A9D7E00EFADB2 /* Assets.xcassets in Resources */,
				AF232D65210A9D7A00EFADB2 /* Main.storyboard in Resources */,
			);
			runOnlyForDeploymentPostprocessing = 0;
		};
/* End PBXResourcesBuildPhase section */

/* Begin PBXSourcesBuildPhase section */
		AF232D58210A9D7A00EFADB2 /* Sources */ = {
			isa = PBXSourcesBuildPhase;
			buildActionMask = 2147483647;
			files = (
				AFAB6D6E2120291C00CFFC02 /* Restaurant.swift in Sources */,
				AF232D72210AA4F000EFADB2 /* RestaurantTableViewController.swift in Sources */,
				AF232D74210CB75F00EFADB2 /* RestaurantTableViewCell.swift in Sources */,
				AF232D60210A9D7A00EFADB2 /* AppDelegate.swift in Sources */,
			);
			runOnlyForDeploymentPostprocessing = 0;
		};
/* End PBXSourcesBuildPhase section */

/* Begin PBXVariantGroup section */
		AF232D63210A9D7A00EFADB2 /* Main.storyboard */ = {
			isa = PBXVariantGroup;
			children = (
				AF232D64210A9D7A00EFADB2 /* Base */,
			);
			name = Main.storyboard;
			sourceTree = "<group>";
		};
		AF232D68210A9D7E00EFADB2 /* LaunchScreen.storyboard */ = {
			isa = PBXVariantGroup;
			children = (
				AF232D69210A9D7E00EFADB2 /* Base */,
			);
			name = LaunchScreen.storyboard;
			sourceTree = "<group>";
		};
/* End PBXVariantGroup section */

/* Begin XCBuildConfiguration section */
		AF232D6C210A9D7F00EFADB2 /* Debug */ = {
			isa = XCBuildConfiguration;
			buildSettings = {
				ALWAYS_SEARCH_USER_PATHS = NO;
				CLANG_ANALYZER_NONNULL = YES;
				CLANG_ANALYZER_NUMBER_OBJECT_CONVERSION = YES_AGGRESSIVE;
				CLANG_CXX_LANGUAGE_STANDARD = "gnu++14";
				CLANG_CXX_LIBRARY = "libc++";
				CLANG_ENABLE_MODULES = YES;
				CLANG_ENABLE_OBJC_ARC = YES;
				CLANG_ENABLE_OBJC_WEAK = YES;
				CLANG_WARN_BLOCK_CAPTURE_AUTORELEASING = YES;
				CLANG_WARN_BOOL_CONVERSION = YES;
				CLANG_WARN_COMMA = YES;
				CLANG_WARN_CONSTANT_CONVERSION = YES;
				CLANG_WARN_DEPRECATED_OBJC_IMPLEMENTATIONS = YES;
				CLANG_WARN_DIRECT_OBJC_ISA_USAGE = YES_ERROR;
				CLANG_WARN_DOCUMENTATION_COMMENTS = YES;
				CLANG_WARN_EMPTY_BODY = YES;
				CLANG_WARN_ENUM_CONVERSION = YES;
				CLANG_WARN_INFINITE_RECURSION = YES;
				CLANG_WARN_INT_CONVERSION = YES;
				CLANG_WARN_NON_LITERAL_NULL_CONVERSION = YES;
				CLANG_WARN_OBJC_IMPLICIT_RETAIN_SELF = YES;
				CLANG_WARN_OBJC_LITERAL_CONVERSION = YES;
				CLANG_WARN_OBJC_ROOT_CLASS = YES_ERROR;
				CLANG_WARN_RANGE_LOOP_ANALYSIS = YES;
				CLANG_WARN_STRICT_PROTOTYPES = YES;
				CLANG_WARN_SUSPICIOUS_MOVE = YES;
				CLANG_WARN_UNGUARDED_AVAILABILITY = YES_AGGRESSIVE;
				CLANG_WARN_UNREACHABLE_CODE = YES;
				CLANG_WARN__DUPLICATE_METHOD_MATCH = YES;
				CODE_SIGN_IDENTITY = "iPhone Developer";
				COPY_PHASE_STRIP = NO;
				DEBUG_INFORMATION_FORMAT = dwarf;
				ENABLE_STRICT_OBJC_MSGSEND = YES;
				ENABLE_TESTABILITY = YES;
				GCC_C_LANGUAGE_STANDARD = gnu11;
				GCC_DYNAMIC_NO_PIC = NO;
				GCC_NO_COMMON_BLOCKS = YES;
				GCC_OPTIMIZATION_LEVEL = 0;
				GCC_PREPROCESSOR_DEFINITIONS = (
					"DEBUG=1",
					"$(inherited)",
				);
				GCC_WARN_64_TO_32_BIT_CONVERSION = YES;
				GCC_WARN_ABOUT_RETURN_TYPE = YES_ERROR;
				GCC_WARN_UNDECLARED_SELECTOR = YES;
				GCC_WARN_UNINITIALIZED_AUTOS = YES_AGGRESSIVE;
				GCC_WARN_UNUSED_FUNCTION = YES;
				GCC_WARN_UNUSED_VARIABLE = YES;
				IPHONEOS_DEPLOYMENT_TARGET = 11.4;
				MTL_ENABLE_DEBUG_INFO = YES;
				ONLY_ACTIVE_ARCH = YES;
				SDKROOT = iphoneos;
				SWIFT_ACTIVE_COMPILATION_CONDITIONS = DEBUG;
				SWIFT_OPTIMIZATION_LEVEL = "-Onone";
			};
			name = Debug;
		};
		AF232D6D210A9D7F00EFADB2 /* Release */ = {
			isa = XCBuildConfiguration;
			buildSettings = {
				ALWAYS_SEARCH_USER_PATHS = NO;
				CLANG_ANALYZER_NONNULL = YES;
				CLANG_ANALYZER_NUMBER_OBJECT_CONVERSION = YES_AGGRESSIVE;
				CLANG_CXX_LANGUAGE_STANDARD = "gnu++14";
				CLANG_CXX_LIBRARY = "libc++";
				CLANG_ENABLE_MODULES = YES;
				CLANG_ENABLE_OBJC_ARC = YES;
				CLANG_ENABLE_OBJC_WEAK = YES;
				CLANG_WARN_BLOCK_CAPTURE_AUTORELEASING = YES;
				CLANG_WARN_BOOL_CONVERSION = YES;
				CLANG_WARN_COMMA = YES;
				CLANG_WARN_CONSTANT_CONVERSION = YES;
				CLANG_WARN_DEPRECATED_OBJC_IMPLEMENTATIONS = YES;
				CLANG_WARN_DIRECT_OBJC_ISA_USAGE = YES_ERROR;
				CLANG_WARN_DOCUMENTATION_COMMENTS = YES;
				CLANG_WARN_EMPTY_BODY = YES;
				CLANG_WARN_ENUM_CONVERSION = YES;
				CLANG_WARN_INFINITE_RECURSION = YES;
				CLANG_WARN_INT_CONVERSION = YES;
				CLANG_WARN_NON_LITERAL_NULL_CONVERSION = YES;
				CLANG_WARN_OBJC_IMPLICIT_RETAIN_SELF = YES;
				CLANG_WARN_OBJC_LITERAL_CONVERSION = YES;
				CLANG_WARN_OBJC_ROOT_CLASS = YES_ERROR;
				CLANG_WARN_RANGE_LOOP_ANALYSIS = YES;
				CLANG_WARN_STRICT_PROTOTYPES = YES;
				CLANG_WARN_SUSPICIOUS_MOVE = YES;
				CLANG_WARN_UNGUARDED_AVAILABILITY = YES_AGGRESSIVE;
				CLANG_WARN_UNREACHABLE_CODE = YES;
				CLANG_WARN__DUPLICATE_METHOD_MATCH = YES;
				CODE_SIGN_IDENTITY = "iPhone Developer";
				COPY_PHASE_STRIP = NO;
				DEBUG_INFORMATION_FORMAT = "dwarf-with-dsym";
				ENABLE_NS_ASSERTIONS = NO;
				ENABLE_STRICT_OBJC_MSGSEND = YES;
				GCC_C_LANGUAGE_STANDARD = gnu11;
				GCC_NO_COMMON_BLOCKS = YES;
				GCC_WARN_64_TO_32_BIT_CONVERSION = YES;
				GCC_WARN_ABOUT_RETURN_TYPE = YES_ERROR;
				GCC_WARN_UNDECLARED_SELECTOR = YES;
				GCC_WARN_UNINITIALIZED_AUTOS = YES_AGGRESSIVE;
				GCC_WARN_UNUSED_FUNCTION = YES;
				GCC_WARN_UNUSED_VARIABLE = YES;
				IPHONEOS_DEPLOYMENT_TARGET = 11.4;
				MTL_ENABLE_DEBUG_INFO = NO;
				SDKROOT = iphoneos;
				SWIFT_COMPILATION_MODE = wholemodule;
				SWIFT_OPTIMIZATION_LEVEL = "-O";
				VALIDATE_PRODUCT = YES;
			};
			name = Release;
		};
		AF232D6F210A9D7F00EFADB2 /* Debug */ = {
			isa = XCBuildConfiguration;
			buildSettings = {
				ASSETCATALOG_COMPILER_APPICON_NAME = AppIcon;
				CODE_SIGN_STYLE = Automatic;
				INFOPLIST_FILE = foodpin/Info.plist;
				LD_RUNPATH_SEARCH_PATHS = (
					"$(inherited)",
					"@executable_path/Frameworks",
				);
				PRODUCT_BUNDLE_IDENTIFIER = com.viplab.foodpin;
				PRODUCT_NAME = "$(TARGET_NAME)";
				SWIFT_VERSION = 4.0;
				TARGETED_DEVICE_FAMILY = "1,2";
			};
			name = Debug;
		};
		AF232D70210A9D7F00EFADB2 /* Release */ = {
			isa = XCBuildConfiguration;
			buildSettings = {
				ASSETCATALOG_COMPILER_APPICON_NAME = AppIcon;
				CODE_SIGN_STYLE = Automatic;
				INFOPLIST_FILE = foodpin/Info.plist;
				LD_RUNPATH_SEARCH_PATHS = (
					"$(inherited)",
					"@executable_path/Frameworks",
				);
				PRODUCT_BUNDLE_IDENTIFIER = com.viplab.foodpin;
				PRODUCT_NAME = "$(TARGET_NAME)";
				SWIFT_VERSION = 4.0;
				TARGETED_DEVICE_FAMILY = "1,2";
			};
			name = Release;
		};
/* End XCBuildConfiguration section */

/* Begin XCConfigurationList section */
		AF232D57210A9D7900EFADB2 /* Build configuration list for PBXProject "foodpin" */ = {
			isa = XCConfigurationList;
			buildConfigurations = (
				AF232D6C210A9D7F00EFADB2 /* Debug */,
				AF232D6D210A9D7F00EFADB2 /* Release */,
			);
			defaultConfigurationIsVisible = 0;
			defaultConfigurationName = Release;
		};
		AF232D6E210A9D7F00EFADB2 /* Build configuration list for PBXNativeTarget "foodpin" */ = {
			isa = XCConfigurationList;
			buildConfigurations = (
				AF232D6F210A9D7F00EFADB2 /* Debug */,
				AF232D70210A9D7F00EFADB2 /* Release */,
			);
			defaultConfigurationIsVisible = 0;
			defaultConfigurationName = Release;
		};
/* End XCConfigurationList section */
	};
	rootObject = AF232D54210A9D7900EFADB2 /* Project object */;
}
